
Microsoft Visual Studio Solution File, Format Version 12.00
# Visual Studio Version 17
VisualStudioVersion = 17.0.31903.59
MinimumVisualStudioVersion = 10.0.40219.1
Project("{2150E333-8FDC-42A3-9474-1A3956D46DE8}") = "src", "src", "{CBF6749B-4290-4016-B8F8-A84275123F24}"
EndProject
Project("{FAE04EC0-301F-11D3-BF4B-00C04F79EFBC}") = "InstagramHashtags.Console", "src\InstagramHashtags.Console\InstagramHashtags.Console.csproj", "{2B114D80-F26D-457D-978B-C79E23DB7F44}"
EndProject
Project("{2150E333-8FDC-42A3-9474-1A3956D46DE8}") = "tests", "tests", "{38E97D46-7DEB-4FFB-8F15-2E3CDE2AE55D}"
EndProject
Project("{FAE04EC0-301F-11D3-BF4B-00C04F79EFBC}") = "InstagramHashtags.UnitTests", "tests\InstagramHashtags.UnitTests\InstagramHashtags.UnitTests.csproj", "{6CEAB746-BE40-4ECB-AE01-B08BA556C09A}"
EndProject
Global
	GlobalSection(SolutionConfigurationPlatforms) = preSolution
		Debug|Any CPU = Debug|Any CPU
		Release|Any CPU = Release|Any CPU
	EndGlobalSection
	GlobalSection(SolutionProperties) = preSolution
		HideSolutionNode = FALSE
	EndGlobalSection
	GlobalSection(ProjectConfigurationPlatforms) = postSolution
		{2B114D80-F26D-457D-978B-C79E23DB7F44}.Debug|Any CPU.ActiveCfg = Debug|Any CPU
		{2B114D80-F26D-457D-978B-C79E23DB7F44}.Debug|Any CPU.Build.0 = Debug|Any CPU
		{2B114D80-F26D-457D-978B-C79E23DB7F44}.Release|Any CPU.ActiveCfg = Release|Any CPU
		{2B114D80-F26D-457D-978B-C79E23DB7F44}.Release|Any CPU.Build.0 = Release|Any CPU
		{6CEAB746-BE40-4ECB-AE01-B08BA556C09A}.Debug|Any CPU.ActiveCfg = Debug|Any CPU
		{6CEAB746-BE40-4ECB-AE01-B08BA556C09A}.Debug|Any CPU.Build.0 = Debug|Any CPU
		{6CEAB746-BE40-4ECB-AE01-B08BA556C09A}.Release|Any CPU.ActiveCfg = Release|Any CPU
		{6CEAB746-BE40-4ECB-AE01-B08BA556C09A}.Release|Any CPU.Build.0 = Release|Any CPU
	EndGlobalSection
	GlobalSection(NestedProjects) = preSolution
		{2B114D80-F26D-457D-978B-C79E23DB7F44} = {CBF6749B-4290-4016-B8F8-A84275123F24}
		{6CEAB746-BE40-4ECB-AE01-B08BA556C09A} = {38E97D46-7DEB-4FFB-8F15-2E3CDE2AE55D}
	EndGlobalSection
EndGlobal
